
Microsoft Visual Studio Solution File, Format Version 12.00
# Visual Studio Version 17
VisualStudioVersion = 17.13.35931.197 d17.13
MinimumVisualStudioVersion = 10.0.40219.1
Project("{FAE04EC0-301F-11D3-BF4B-00C04F79EFBC}") = "WebApplication1", "WebApplication1.csproj", "{CCFA2274-4D9D-4124-9470-DAB706051F0B}"
EndProject
Global
	GlobalSection(SolutionConfigurationPlatforms) = preSolution
		Debug|Any CPU = Debug|Any CPU
		Release|Any CPU = Release|Any CPU
	EndGlobalSection
	GlobalSection(ProjectConfigurationPlatforms) = postSolution
		{CCFA2274-4D9D-4124-9470-DAB706051F0B}.Debug|Any CPU.ActiveCfg = Debug|Any CPU
		{CCFA2274-4D9D-4124-9470-DAB706051F0B}.Debug|Any CPU.Build.0 = Debug|Any CPU
		{CCFA2274-4D9D-4124-9470-DAB706051F0B}.Release|Any CPU.ActiveCfg = Release|Any CPU
		{CCFA2274-4D9D-4124-9470-DAB706051F0B}.Release|Any CPU.Build.0 = Release|Any CPU
	EndGlobalSection
	GlobalSection(SolutionProperties) = preSolution
		HideSolutionNode = FALSE
	EndGlobalSection
	GlobalSection(ExtensibilityGlobals) = postSolution
		SolutionGuid = {FC8ACD68-B6A3-40CF-A4AD-453A4D9F0962}
	EndGlobalSection
EndGlobal
